
Microsoft Visual Studio Solution File, Format Version 12.00
# Visual Studio Version 17
VisualStudioVersion = 17.7.34031.279
MinimumVisualStudioVersion = 10.0.40219.1
Project("{FAE04EC0-301F-11D3-BF4B-00C04F79EFBC}") = "Enigma_Machine_Prelims", "Enigma_Machine_Prelims\Enigma_Machine_Prelims.csproj", "{FE4D831F-D3F1-462D-A831-30374E1E47CD}"
EndProject
Global
	GlobalSection(SolutionConfigurationPlatforms) = preSolution
		Debug|Any CPU = Debug|Any CPU
		Release|Any CPU = Release|Any CPU
	EndGlobalSection
	GlobalSection(ProjectConfigurationPlatforms) = postSolution
		{FE4D831F-D3F1-462D-A831-30374E1E47CD}.Debug|Any CPU.ActiveCfg = Debug|Any CPU
		{FE4D831F-D3F1-462D-A831-30374E1E47CD}.Debug|Any CPU.Build.0 = Debug|Any CPU
		{FE4D831F-D3F1-462D-A831-30374E1E47CD}.Release|Any CPU.ActiveCfg = Release|Any CPU
		{FE4D831F-D3F1-462D-A831-30374E1E47CD}.Release|Any CPU.Build.0 = Release|Any CPU
	EndGlobalSection
	GlobalSection(SolutionProperties) = preSolution
		HideSolutionNode = FALSE
	EndGlobalSection
	GlobalSection(ExtensibilityGlobals) = postSolution
		SolutionGuid = {70714586-0DC8-483F-A974-10A16D6F8CCE}
	EndGlobalSection
EndGlobal
